// !$*UTF8*$!
{
	archiveVersion = 1;
	classes = {
	};
	objectVersion = 46;
	objects = {

/* Begin PBXBuildFile section */
		5EA4B964192036E500E4E804 /* Foundation.framework in Frameworks */ = {isa = PBXBuildFile; fileRef = 5EA4B963192036E500E4E804 /* Foundation.framework */; };
		5EA4B966192036E500E4E804 /* CoreGraphics.framework in Frameworks */ = {isa = PBXBuildFile; fileRef = 5EA4B965192036E500E4E804 /* CoreGraphics.framework */; };
		5EA4B968192036E500E4E804 /* UIKit.framework in Frameworks */ = {isa = PBXBuildFile; fileRef = 5EA4B967192036E500E4E804 /* UIKit.framework */; };
		5EA4B96E192036E500E4E804 /* InfoPlist.strings in Resources */ = {isa = PBXBuildFile; fileRef = 5EA4B96C192036E500E4E804 /* InfoPlist.strings */; };
		5EA4B970192036E500E4E804 /* main.m in Sources */ = {isa = PBXBuildFile; fileRef = 5EA4B96F192036E500E4E804 /* main.m */; };
		5EA4B974192036E500E4E804 /* MIMAppDelegate.m in Sources */ = {isa = PBXBuildFile; fileRef = 5EA4B973192036E500E4E804 /* MIMAppDelegate.m */; };
		5EA4B982192036E500E4E804 /* Images.xcassets in Resources */ = {isa = PBXBuildFile; fileRef = 5EA4B981192036E500E4E804 /* Images.xcassets */; };
		5EA4B989192036E500E4E804 /* XCTest.framework in Frameworks */ = {isa = PBXBuildFile; fileRef = 5EA4B988192036E500E4E804 /* XCTest.framework */; };
		5EA4B98A192036E500E4E804 /* Foundation.framework in Frameworks */ = {isa = PBXBuildFile; fileRef = 5EA4B963192036E500E4E804 /* Foundation.framework */; };
		5EA4B98B192036E500E4E804 /* UIKit.framework in Frameworks */ = {isa = PBXBuildFile; fileRef = 5EA4B967192036E500E4E804 /* UIKit.framework */; };
		5EA4B993192036E600E4E804 /* InfoPlist.strings in Resources */ = {isa = PBXBuildFile; fileRef = 5EA4B991192036E600E4E804 /* InfoPlist.strings */; };
		5EA4B995192036E600E4E804 /* MiMRatingTests.m in Sources */ = {isa = PBXBuildFile; fileRef = 5EA4B994192036E600E4E804 /* MiMRatingTests.m */; };
		5EA4B9A8192037DB00E4E804 /* MIMFirstViewController.m in Sources */ = {isa = PBXBuildFile; fileRef = 5EA4B9A0192037DB00E4E804 /* MIMFirstViewController.m */; };
		5EA4B9A9192037DB00E4E804 /* MIMSecondViewController.m in Sources */ = {isa = PBXBuildFile; fileRef = 5EA4B9A2192037DB00E4E804 /* MIMSecondViewController.m */; };
		5EA4B9AA192037DB00E4E804 /* Main_iPad.storyboard in Resources */ = {isa = PBXBuildFile; fileRef = 5EA4B9A4192037DB00E4E804 /* Main_iPad.storyboard */; };
		5EA4B9AB192037DB00E4E804 /* Main_iPhone.storyboard in Resources */ = {isa = PBXBuildFile; fileRef = 5EA4B9A6192037DB00E4E804 /* Main_iPhone.storyboard */; };
		5EA4B9B41920475100E4E804 /* MIMLocationManager.m in Sources */ = {isa = PBXBuildFile; fileRef = 5EA4B9B31920475100E4E804 /* MIMLocationManager.m */; };
		5EA4B9B6192048D200E4E804 /* CoreLocation.framework in Frameworks */ = {isa = PBXBuildFile; fileRef = 5EA4B9B5192048D200E4E804 /* CoreLocation.framework */; };
		5EA4B9DD192061C300E4E804 /* NSString+RestServiceManager.m in Sources */ = {isa = PBXBuildFile; fileRef = 5EA4B9BD192061C300E4E804 /* NSString+RestServiceManager.m */; };
		5EA4B9DE192061C300E4E804 /* RSMBaseResultParser.m in Sources */ = {isa = PBXBuildFile; fileRef = 5EA4B9C0192061C300E4E804 /* RSMBaseResultParser.m */; };
		5EA4B9DF192061C300E4E804 /* RSMHHTTPConnection.m in Sources */ = {isa = PBXBuildFile; fileRef = 5EA4B9C2192061C300E4E804 /* RSMHHTTPConnection.m */; };
		5EA4B9E0192061C300E4E804 /* RSMServices.m in Sources */ = {isa = PBXBuildFile; fileRef = 5EA4B9C4192061C300E4E804 /* RSMServices.m */; };
		5EA4B9E1192061C300E4E804 /* RSMServicesError.m in Sources */ = {isa = PBXBuildFile; fileRef = 5EA4B9C6192061C300E4E804 /* RSMServicesError.m */; };
		5EA4B9E2192061C300E4E804 /* RSMBaseNetworkService.m in Sources */ = {isa = PBXBuildFile; fileRef = 5EA4B9CA192061C300E4E804 /* RSMBaseNetworkService.m */; };
		5EA4B9E3192061C300E4E804 /* RSMAsyncParserConcurrentServiceMethod.m in Sources */ = {isa = PBXBuildFile; fileRef = 5EA4B9CE192061C300E4E804 /* RSMAsyncParserConcurrentServiceMethod.m */; };
		5EA4B9E4192061C300E4E804 /* RSMAsyncParserServiceMethod.m in Sources */ = {isa = PBXBuildFile; fileRef = 5EA4B9D1192061C300E4E804 /* RSMAsyncParserServiceMethod.m */; };
		5EA4B9E5192061C300E4E804 /* RSMBaseServiceMethod.m in Sources */ = {isa = PBXBuildFile; fileRef = 5EA4B9D4192061C300E4E804 /* RSMBaseServiceMethod.m */; };
		5EA4B9E6192061C300E4E804 /* RSMConcurrentServiceMethod.m in Sources */ = {isa = PBXBuildFile; fileRef = 5EA4B9D6192061C300E4E804 /* RSMConcurrentServiceMethod.m */; };
		5EA4B9E7192061C300E4E804 /* RSMServiceOperationInvocationList.m in Sources */ = {isa = PBXBuildFile; fileRef = 5EA4B9D9192061C300E4E804 /* RSMServiceOperationInvocationList.m */; };
		5EA4B9E8192061C300E4E804 /* RSMUUID.m in Sources */ = {isa = PBXBuildFile; fileRef = 5EA4B9DB192061C300E4E804 /* RSMUUID.m */; };
		5EA4B9EF1920629700E4E804 /* MIMUserService.m in Sources */ = {isa = PBXBuildFile; fileRef = 5EA4B9EE1920629700E4E804 /* MIMUserService.m */; };
		5EA4B9F21920E3E500E4E804 /* MIMUserMoodOperation.m in Sources */ = {isa = PBXBuildFile; fileRef = 5EA4B9F11920E3E500E4E804 /* MIMUserMoodOperation.m */; };
		5EA4B9F51920E57F00E4E804 /* MIMConnectivity.m in Sources */ = {isa = PBXBuildFile; fileRef = 5EA4B9F41920E57F00E4E804 /* MIMConnectivity.m */; };
		5EA4B9F81920F17800E4E804 /* MIMUserPhysicalOperation.m in Sources */ = {isa = PBXBuildFile; fileRef = 5EA4B9F71920F17800E4E804 /* MIMUserPhysicalOperation.m */; };
		5EA4BA00192712FA00E4E804 /* MIMReportingUser.m in Sources */ = {isa = PBXBuildFile; fileRef = 5EA4B9FF192712FA00E4E804 /* MIMReportingUser.m */; };
		5EAB2055192AD53400D46712 /* MIMActivityIndicatorView.m in Sources */ = {isa = PBXBuildFile; fileRef = 5EAB2054192AD53400D46712 /* MIMActivityIndicatorView.m */; };
/* End PBXBuildFile section */

/* Begin PBXContainerItemProxy section */
		5EA4B98C192036E500E4E804 /* PBXContainerItemProxy */ = {
			isa = PBXContainerItemProxy;
			containerPortal = 5EA4B958192036E500E4E804 /* Project object */;
			proxyType = 1;
			remoteGlobalIDString = 5EA4B95F192036E500E4E804;
			remoteInfo = MiMRating;
		};
/* End PBXContainerItemProxy section */

/* Begin PBXFileReference section */
		5EA4B960192036E500E4E804 /* MiMRating.app */ = {isa = PBXFileReference; explicitFileType = wrapper.application; includeInIndex = 0; path = MiMRating.app; sourceTree = BUILT_PRODUCTS_DIR; };
		5EA4B963192036E500E4E804 /* Foundation.framework */ = {isa = PBXFileReference; lastKnownFileType = wrapper.framework; name = Foundation.framework; path = System/Library/Frameworks/Foundation.framework; sourceTree = SDKROOT; };
		5EA4B965192036E500E4E804 /* CoreGraphics.framework */ = {isa = PBXFileReference; lastKnownFileType = wrapper.framework; name = CoreGraphics.framework; path = System/Library/Frameworks/CoreGraphics.framework; sourceTree = SDKROOT; };
		5EA4B967192036E500E4E804 /* UIKit.framework */ = {isa = PBXFileReference; lastKnownFileType = wrapper.framework; name = UIKit.framework; path = System/Library/Frameworks/UIKit.framework; sourceTree = SDKROOT; };
		5EA4B96B192036E500E4E804 /* MiMRating-Info.plist */ = {isa = PBXFileReference; lastKnownFileType = text.plist.xml; path = "MiMRating-Info.plist"; sourceTree = "<group>"; };
		5EA4B96D192036E500E4E804 /* en */ = {isa = PBXFileReference; lastKnownFileType = text.plist.strings; name = en; path = en.lproj/InfoPlist.strings; sourceTree = "<group>"; };
		5EA4B96F192036E500E4E804 /* main.m */ = {isa = PBXFileReference; lastKnownFileType = sourcecode.c.objc; path = main.m; sourceTree = "<group>"; };
		5EA4B971192036E500E4E804 /* MiMRating-Prefix.pch */ = {isa = PBXFileReference; lastKnownFileType = sourcecode.c.h; path = "MiMRating-Prefix.pch"; sourceTree = "<group>"; };
		5EA4B972192036E500E4E804 /* MIMAppDelegate.h */ = {isa = PBXFileReference; lastKnownFileType = sourcecode.c.h; path = MIMAppDelegate.h; sourceTree = "<group>"; };
		5EA4B973192036E500E4E804 /* MIMAppDelegate.m */ = {isa = PBXFileReference; lastKnownFileType = sourcecode.c.objc; path = MIMAppDelegate.m; sourceTree = "<group>"; };
		5EA4B981192036E500E4E804 /* Images.xcassets */ = {isa = PBXFileReference; lastKnownFileType = folder.assetcatalog; path = Images.xcassets; sourceTree = "<group>"; };
		5EA4B987192036E500E4E804 /* MiMRatingTests.xctest */ = {isa = PBXFileReference; explicitFileType = wrapper.cfbundle; includeInIndex = 0; path = MiMRatingTests.xctest; sourceTree = BUILT_PRODUCTS_DIR; };
		5EA4B988192036E500E4E804 /* XCTest.framework */ = {isa = PBXFileReference; lastKnownFileType = wrapper.framework; name = XCTest.framework; path = Library/Frameworks/XCTest.framework; sourceTree = DEVELOPER_DIR; };
		5EA4B990192036E500E4E804 /* MiMRatingTests-Info.plist */ = {isa = PBXFileReference; lastKnownFileType = text.plist.xml; path = "MiMRatingTests-Info.plist"; sourceTree = "<group>"; };
		5EA4B992192036E600E4E804 /* en */ = {isa = PBXFileReference; lastKnownFileType = text.plist.strings; name = en; path = en.lproj/InfoPlist.strings; sourceTree = "<group>"; };
		5EA4B994192036E600E4E804 /* MiMRatingTests.m */ = {isa = PBXFileReference; lastKnownFileType = sourcecode.c.objc; path = MiMRatingTests.m; sourceTree = "<group>"; };
		5EA4B99F192037DB00E4E804 /* MIMFirstViewController.h */ = {isa = PBXFileReference; fileEncoding = 4; lastKnownFileType = sourcecode.c.h; path = MIMFirstViewController.h; sourceTree = "<group>"; };
		5EA4B9A0192037DB00E4E804 /* MIMFirstViewController.m */ = {isa = PBXFileReference; fileEncoding = 4; lastKnownFileType = sourcecode.c.objc; path = MIMFirstViewController.m; sourceTree = "<group>"; };
		5EA4B9A1192037DB00E4E804 /* MIMSecondViewController.h */ = {isa = PBXFileReference; fileEncoding = 4; lastKnownFileType = sourcecode.c.h; path = MIMSecondViewController.h; sourceTree = "<group>"; };
		5EA4B9A2192037DB00E4E804 /* MIMSecondViewController.m */ = {isa = PBXFileReference; fileEncoding = 4; lastKnownFileType = sourcecode.c.objc; path = MIMSecondViewController.m; sourceTree = "<group>"; };
		5EA4B9A5192037DB00E4E804 /* Base */ = {isa = PBXFileReference; lastKnownFileType = file.storyboard; name = Base; path = Base.lproj/Main_iPad.storyboard; sourceTree = "<group>"; };
		5EA4B9A7192037DB00E4E804 /* Base */ = {isa = PBXFileReference; lastKnownFileType = file.storyboard; name = Base; path = Base.lproj/Main_iPhone.storyboard; sourceTree = "<group>"; };
		5EA4B9B21920475100E4E804 /* MIMLocationManager.h */ = {isa = PBXFileReference; fileEncoding = 4; lastKnownFileType = sourcecode.c.h; path = MIMLocationManager.h; sourceTree = "<group>"; };
		5EA4B9B31920475100E4E804 /* MIMLocationManager.m */ = {isa = PBXFileReference; fileEncoding = 4; lastKnownFileType = sourcecode.c.objc; path = MIMLocationManager.m; sourceTree = "<group>"; };
		5EA4B9B5192048D200E4E804 /* CoreLocation.framework */ = {isa = PBXFileReference; lastKnownFileType = wrapper.framework; name = CoreLocation.framework; path = System/Library/Frameworks/CoreLocation.framework; sourceTree = SDKROOT; };
		5EA4B9BC192061C300E4E804 /* NSString+RestServiceManager.h */ = {isa = PBXFileReference; fileEncoding = 4; lastKnownFileType = sourcecode.c.h; path = "NSString+RestServiceManager.h"; sourceTree = "<group>"; };
		5EA4B9BD192061C300E4E804 /* NSString+RestServiceManager.m */ = {isa = PBXFileReference; fileEncoding = 4; lastKnownFileType = sourcecode.c.objc; path = "NSString+RestServiceManager.m"; sourceTree = "<group>"; };
		5EA4B9BF192061C300E4E804 /* RSMBaseResultParser.h */ = {isa = PBXFileReference; fileEncoding = 4; lastKnownFileType = sourcecode.c.h; path = RSMBaseResultParser.h; sourceTree = "<group>"; };
		5EA4B9C0192061C300E4E804 /* RSMBaseResultParser.m */ = {isa = PBXFileReference; fileEncoding = 4; lastKnownFileType = sourcecode.c.objc; path = RSMBaseResultParser.m; sourceTree = "<group>"; };
		5EA4B9C1192061C300E4E804 /* RSMHHTTPConnection.h */ = {isa = PBXFileReference; fileEncoding = 4; lastKnownFileType = sourcecode.c.h; path = RSMHHTTPConnection.h; sourceTree = "<group>"; };
		5EA4B9C2192061C300E4E804 /* RSMHHTTPConnection.m */ = {isa = PBXFileReference; fileEncoding = 4; lastKnownFileType = sourcecode.c.objc; path = RSMHHTTPConnection.m; sourceTree = "<group>"; };
		5EA4B9C3192061C300E4E804 /* RSMServices.h */ = {isa = PBXFileReference; fileEncoding = 4; lastKnownFileType = sourcecode.c.h; path = RSMServices.h; sourceTree = "<group>"; };
		5EA4B9C4192061C300E4E804 /* RSMServices.m */ = {isa = PBXFileReference; fileEncoding = 4; lastKnownFileType = sourcecode.c.objc; path = RSMServices.m; sourceTree = "<group>"; };
		5EA4B9C5192061C300E4E804 /* RSMServicesError.h */ = {isa = PBXFileReference; fileEncoding = 4; lastKnownFileType = sourcecode.c.h; path = RSMServicesError.h; sourceTree = "<group>"; };
		5EA4B9C6192061C300E4E804 /* RSMServicesError.m */ = {isa = PBXFileReference; fileEncoding = 4; lastKnownFileType = sourcecode.c.objc; path = RSMServicesError.m; sourceTree = "<group>"; };
		5EA4B9C8192061C300E4E804 /* RSMBaseNetworkService+Protected.h */ = {isa = PBXFileReference; fileEncoding = 4; lastKnownFileType = sourcecode.c.h; path = "RSMBaseNetworkService+Protected.h"; sourceTree = "<group>"; };
		5EA4B9C9192061C300E4E804 /* RSMBaseNetworkService.h */ = {isa = PBXFileReference; fileEncoding = 4; lastKnownFileType = sourcecode.c.h; path = RSMBaseNetworkService.h; sourceTree = "<group>"; };
		5EA4B9CA192061C300E4E804 /* RSMBaseNetworkService.m */ = {isa = PBXFileReference; fileEncoding = 4; lastKnownFileType = sourcecode.c.objc; path = RSMBaseNetworkService.m; sourceTree = "<group>"; };
		5EA4B9CC192061C300E4E804 /* RSMAsyncParserConcurrentServiceMethod+Protected.h */ = {isa = PBXFileReference; fileEncoding = 4; lastKnownFileType = sourcecode.c.h; path = "RSMAsyncParserConcurrentServiceMethod+Protected.h"; sourceTree = "<group>"; };
		5EA4B9CD192061C300E4E804 /* RSMAsyncParserConcurrentServiceMethod.h */ = {isa = PBXFileReference; fileEncoding = 4; lastKnownFileType = sourcecode.c.h; path = RSMAsyncParserConcurrentServiceMethod.h; sourceTree = "<group>"; };
		5EA4B9CE192061C300E4E804 /* RSMAsyncParserConcurrentServiceMethod.m */ = {isa = PBXFileReference; fileEncoding = 4; lastKnownFileType = sourcecode.c.objc; path = RSMAsyncParserConcurrentServiceMethod.m; sourceTree = "<group>"; };
		5EA4B9CF192061C300E4E804 /* RSMAsyncParserServiceMethod+Protected.h */ = {isa = PBXFileReference; fileEncoding = 4; lastKnownFileType = sourcecode.c.h; path = "RSMAsyncParserServiceMethod+Protected.h"; sourceTree = "<group>"; };
		5EA4B9D0192061C300E4E804 /* RSMAsyncParserServiceMethod.h */ = {isa = PBXFileReference; fileEncoding = 4; lastKnownFileType = sourcecode.c.h; path = RSMAsyncParserServiceMethod.h; sourceTree = "<group>"; };
		5EA4B9D1192061C300E4E804 /* RSMAsyncParserServiceMethod.m */ = {isa = PBXFileReference; fileEncoding = 4; lastKnownFileType = sourcecode.c.objc; path = RSMAsyncParserServiceMethod.m; sourceTree = "<group>"; };
		5EA4B9D2192061C300E4E804 /* RSMBaseServiceMethod+Protected.h */ = {isa = PBXFileReference; fileEncoding = 4; lastKnownFileType = sourcecode.c.h; path = "RSMBaseServiceMethod+Protected.h"; sourceTree = "<group>"; };
		5EA4B9D3192061C300E4E804 /* RSMBaseServiceMethod.h */ = {isa = PBXFileReference; fileEncoding = 4; lastKnownFileType = sourcecode.c.h; path = RSMBaseServiceMethod.h; sourceTree = "<group>"; };
		5EA4B9D4192061C300E4E804 /* RSMBaseServiceMethod.m */ = {isa = PBXFileReference; fileEncoding = 4; lastKnownFileType = sourcecode.c.objc; path = RSMBaseServiceMethod.m; sourceTree = "<group>"; };
		5EA4B9D5192061C300E4E804 /* RSMConcurrentServiceMethod.h */ = {isa = PBXFileReference; fileEncoding = 4; lastKnownFileType = sourcecode.c.h; path = RSMConcurrentServiceMethod.h; sourceTree = "<group>"; };
		5EA4B9D6192061C300E4E804 /* RSMConcurrentServiceMethod.m */ = {isa = PBXFileReference; fileEncoding = 4; lastKnownFileType = sourcecode.c.objc; path = RSMConcurrentServiceMethod.m; sourceTree = "<group>"; };
		5EA4B9D8192061C300E4E804 /* RSMServiceOperationInvocationList.h */ = {isa = PBXFileReference; fileEncoding = 4; lastKnownFileType = sourcecode.c.h; path = RSMServiceOperationInvocationList.h; sourceTree = "<group>"; };
		5EA4B9D9192061C300E4E804 /* RSMServiceOperationInvocationList.m */ = {isa = PBXFileReference; fileEncoding = 4; lastKnownFileType = sourcecode.c.objc; path = RSMServiceOperationInvocationList.m; sourceTree = "<group>"; };
		5EA4B9DA192061C300E4E804 /* RSMUUID.h */ = {isa = PBXFileReference; fileEncoding = 4; lastKnownFileType = sourcecode.c.h; path = RSMUUID.h; sourceTree = "<group>"; };
		5EA4B9DB192061C300E4E804 /* RSMUUID.m */ = {isa = PBXFileReference; fileEncoding = 4; lastKnownFileType = sourcecode.c.objc; path = RSMUUID.m; sourceTree = "<group>"; };
		5EA4B9ED1920629700E4E804 /* MIMUserService.h */ = {isa = PBXFileReference; fileEncoding = 4; lastKnownFileType = sourcecode.c.h; path = MIMUserService.h; sourceTree = "<group>"; };
		5EA4B9EE1920629700E4E804 /* MIMUserService.m */ = {isa = PBXFileReference; fileEncoding = 4; lastKnownFileType = sourcecode.c.objc; path = MIMUserService.m; sourceTree = "<group>"; };
		5EA4B9F01920E3E500E4E804 /* MIMUserMoodOperation.h */ = {isa = PBXFileReference; fileEncoding = 4; lastKnownFileType = sourcecode.c.h; path = MIMUserMoodOperation.h; sourceTree = "<group>"; };
		5EA4B9F11920E3E500E4E804 /* MIMUserMoodOperation.m */ = {isa = PBXFileReference; fileEncoding = 4; lastKnownFileType = sourcecode.c.objc; path = MIMUserMoodOperation.m; sourceTree = "<group>"; };
		5EA4B9F31920E57F00E4E804 /* MIMConnectivity.h */ = {isa = PBXFileReference; fileEncoding = 4; lastKnownFileType = sourcecode.c.h; path = MIMConnectivity.h; sourceTree = "<group>"; };
		5EA4B9F41920E57F00E4E804 /* MIMConnectivity.m */ = {isa = PBXFileReference; fileEncoding = 4; lastKnownFileType = sourcecode.c.objc; path = MIMConnectivity.m; sourceTree = "<group>"; };
		5EA4B9F61920F17800E4E804 /* MIMUserPhysicalOperation.h */ = {isa = PBXFileReference; fileEncoding = 4; lastKnownFileType = sourcecode.c.h; path = MIMUserPhysicalOperation.h; sourceTree = "<group>"; };
		5EA4B9F71920F17800E4E804 /* MIMUserPhysicalOperation.m */ = {isa = PBXFileReference; fileEncoding = 4; lastKnownFileType = sourcecode.c.objc; path = MIMUserPhysicalOperation.m; sourceTree = "<group>"; };
		5EA4B9FE192712FA00E4E804 /* MIMReportingUser.h */ = {isa = PBXFileReference; fileEncoding = 4; lastKnownFileType = sourcecode.c.h; path = MIMReportingUser.h; sourceTree = "<group>"; };
		5EA4B9FF192712FA00E4E804 /* MIMReportingUser.m */ = {isa = PBXFileReference; fileEncoding = 4; lastKnownFileType = sourcecode.c.objc; path = MIMReportingUser.m; sourceTree = "<group>"; };
		5EAB2053192AD53400D46712 /* MIMActivityIndicatorView.h */ = {isa = PBXFileReference; fileEncoding = 4; lastKnownFileType = sourcecode.c.h; path = MIMActivityIndicatorView.h; sourceTree = "<group>"; };
		5EAB2054192AD53400D46712 /* MIMActivityIndicatorView.m */ = {isa = PBXFileReference; fileEncoding = 4; lastKnownFileType = sourcecode.c.objc; path = MIMActivityIndicatorView.m; sourceTree = "<group>"; };
/* End PBXFileReference section */

/* Begin PBXFrameworksBuildPhase section */
		5EA4B95D192036E500E4E804 /* Frameworks */ = {
			isa = PBXFrameworksBuildPhase;
			buildActionMask = 2147483647;
			files = (
				5EA4B9B6192048D200E4E804 /* CoreLocation.framework in Frameworks */,
				5EA4B966192036E500E4E804 /* CoreGraphics.framework in Frameworks */,
				5EA4B968192036E500E4E804 /* UIKit.framework in Frameworks */,
				5EA4B964192036E500E4E804 /* Foundation.framework in Frameworks */,
			);
			runOnlyForDeploymentPostprocessing = 0;
		};
		5EA4B984192036E500E4E804 /* Frameworks */ = {
			isa = PBXFrameworksBuildPhase;
			buildActionMask = 2147483647;
			files = (
				5EA4B989192036E500E4E804 /* XCTest.framework in Frameworks */,
				5EA4B98B192036E500E4E804 /* UIKit.framework in Frameworks */,
				5EA4B98A192036E500E4E804 /* Foundation.framework in Frameworks */,
			);
			runOnlyForDeploymentPostprocessing = 0;
		};
/* End PBXFrameworksBuildPhase section */

/* Begin PBXGroup section */
		5EA4B957192036E500E4E804 = {
			isa = PBXGroup;
			children = (
				5EA4B969192036E500E4E804 /* MiMRating */,
				5EA4B98E192036E500E4E804 /* MiMRatingTests */,
				5EA4B962192036E500E4E804 /* Frameworks */,
				5EA4B961192036E500E4E804 /* Products */,
			);
			sourceTree = "<group>";
		};
		5EA4B961192036E500E4E804 /* Products */ = {
			isa = PBXGroup;
			children = (
				5EA4B960192036E500E4E804 /* MiMRating.app */,
				5EA4B987192036E500E4E804 /* MiMRatingTests.xctest */,
			);
			name = Products;
			sourceTree = "<group>";
		};
		5EA4B962192036E500E4E804 /* Frameworks */ = {
			isa = PBXGroup;
			children = (
				5EA4B9B5192048D200E4E804 /* CoreLocation.framework */,
				5EA4B963192036E500E4E804 /* Foundation.framework */,
				5EA4B965192036E500E4E804 /* CoreGraphics.framework */,
				5EA4B967192036E500E4E804 /* UIKit.framework */,
				5EA4B988192036E500E4E804 /* XCTest.framework */,
			);
			name = Frameworks;
			sourceTree = "<group>";
		};
		5EA4B969192036E500E4E804 /* MiMRating */ = {
			isa = PBXGroup;
			children = (
				5EA4B9FD192712EB00E4E804 /* Models */,
				5EA4B99E192037DB00E4E804 /* Controllers */,
				5EA4B9DC192061C300E4E804 /* Services */,
				5EA4B9A3192037DB00E4E804 /* Storyboards */,
				5EA4B9B01920474100E4E804 /* Utilities */,
				5EA4B9BA192061C300E4E804 /* RestServiceManager */,
				5EA4B972192036E500E4E804 /* MIMAppDelegate.h */,
				5EA4B973192036E500E4E804 /* MIMAppDelegate.m */,
				5EA4B981192036E500E4E804 /* Images.xcassets */,
				5EA4B96A192036E500E4E804 /* Supporting Files */,
			);
			path = MiMRating;
			sourceTree = "<group>";
		};
		5EA4B96A192036E500E4E804 /* Supporting Files */ = {
			isa = PBXGroup;
			children = (
				5EA4B96B192036E500E4E804 /* MiMRating-Info.plist */,
				5EA4B96C192036E500E4E804 /* InfoPlist.strings */,
				5EA4B96F192036E500E4E804 /* main.m */,
				5EA4B971192036E500E4E804 /* MiMRating-Prefix.pch */,
			);
			name = "Supporting Files";
			sourceTree = "<group>";
		};
		5EA4B98E192036E500E4E804 /* MiMRatingTests */ = {
			isa = PBXGroup;
			children = (
				5EA4B994192036E600E4E804 /* MiMRatingTests.m */,
				5EA4B98F192036E500E4E804 /* Supporting Files */,
			);
			path = MiMRatingTests;
			sourceTree = "<group>";
		};
		5EA4B98F192036E500E4E804 /* Supporting Files */ = {
			isa = PBXGroup;
			children = (
				5EA4B990192036E500E4E804 /* MiMRatingTests-Info.plist */,
				5EA4B991192036E600E4E804 /* InfoPlist.strings */,
			);
			name = "Supporting Files";
			sourceTree = "<group>";
		};
		5EA4B99E192037DB00E4E804 /* Controllers */ = {
			isa = PBXGroup;
			children = (
				5EA4B99F192037DB00E4E804 /* MIMFirstViewController.h */,
				5EA4B9A0192037DB00E4E804 /* MIMFirstViewController.m */,
				5EA4B9A1192037DB00E4E804 /* MIMSecondViewController.h */,
				5EA4B9A2192037DB00E4E804 /* MIMSecondViewController.m */,
			);
			path = Controllers;
			sourceTree = "<group>";
		};
		5EA4B9A3192037DB00E4E804 /* Storyboards */ = {
			isa = PBXGroup;
			children = (
				5EA4B9A4192037DB00E4E804 /* Main_iPad.storyboard */,
				5EA4B9A6192037DB00E4E804 /* Main_iPhone.storyboard */,
			);
			path = Storyboards;
			sourceTree = "<group>";
		};
		5EA4B9B01920474100E4E804 /* Utilities */ = {
			isa = PBXGroup;
			children = (
				5EAB2052192AD53400D46712 /* ActivityIndicator */,
				5EA4B9B11920474100E4E804 /* LocationManager */,
			);
			path = Utilities;
			sourceTree = "<group>";
		};
		5EA4B9B11920474100E4E804 /* LocationManager */ = {
			isa = PBXGroup;
			children = (
				5EA4B9B21920475100E4E804 /* MIMLocationManager.h */,
				5EA4B9B31920475100E4E804 /* MIMLocationManager.m */,
			);
			path = LocationManager;
			sourceTree = "<group>";
		};
		5EA4B9BA192061C300E4E804 /* RestServiceManager */ = {
			isa = PBXGroup;
			children = (
				5EA4B9BB192061C300E4E804 /* Categories */,
				5EA4B9BE192061C300E4E804 /* Parser */,
				5EA4B9C1192061C300E4E804 /* RSMHHTTPConnection.h */,
				5EA4B9C2192061C300E4E804 /* RSMHHTTPConnection.m */,
				5EA4B9C3192061C300E4E804 /* RSMServices.h */,
				5EA4B9C4192061C300E4E804 /* RSMServices.m */,
				5EA4B9C5192061C300E4E804 /* RSMServicesError.h */,
				5EA4B9C6192061C300E4E804 /* RSMServicesError.m */,
				5EA4B9C7192061C300E4E804 /* Service */,
				5EA4B9CB192061C300E4E804 /* ServiceMethods */,
				5EA4B9D7192061C300E4E804 /* Utility */,
			);
			path = RestServiceManager;
			sourceTree = "<group>";
		};
		5EA4B9BB192061C300E4E804 /* Categories */ = {
			isa = PBXGroup;
			children = (
				5EA4B9BC192061C300E4E804 /* NSString+RestServiceManager.h */,
				5EA4B9BD192061C300E4E804 /* NSString+RestServiceManager.m */,
			);
			path = Categories;
			sourceTree = "<group>";
		};
		5EA4B9BE192061C300E4E804 /* Parser */ = {
			isa = PBXGroup;
			children = (
				5EA4B9BF192061C300E4E804 /* RSMBaseResultParser.h */,
				5EA4B9C0192061C300E4E804 /* RSMBaseResultParser.m */,
			);
			path = Parser;
			sourceTree = "<group>";
		};
		5EA4B9C7192061C300E4E804 /* Service */ = {
			isa = PBXGroup;
			children = (
				5EA4B9C8192061C300E4E804 /* RSMBaseNetworkService+Protected.h */,
				5EA4B9C9192061C300E4E804 /* RSMBaseNetworkService.h */,
				5EA4B9CA192061C300E4E804 /* RSMBaseNetworkService.m */,
			);
			path = Service;
			sourceTree = "<group>";
		};
		5EA4B9CB192061C300E4E804 /* ServiceMethods */ = {
			isa = PBXGroup;
			children = (
				5EA4B9CC192061C300E4E804 /* RSMAsyncParserConcurrentServiceMethod+Protected.h */,
				5EA4B9CD192061C300E4E804 /* RSMAsyncParserConcurrentServiceMethod.h */,
				5EA4B9CE192061C300E4E804 /* RSMAsyncParserConcurrentServiceMethod.m */,
				5EA4B9CF192061C300E4E804 /* RSMAsyncParserServiceMethod+Protected.h */,
				5EA4B9D0192061C300E4E804 /* RSMAsyncParserServiceMethod.h */,
				5EA4B9D1192061C300E4E804 /* RSMAsyncParserServiceMethod.m */,
				5EA4B9D2192061C300E4E804 /* RSMBaseServiceMethod+Protected.h */,
				5EA4B9D3192061C300E4E804 /* RSMBaseServiceMethod.h */,
				5EA4B9D4192061C300E4E804 /* RSMBaseServiceMethod.m */,
				5EA4B9D5192061C300E4E804 /* RSMConcurrentServiceMethod.h */,
				5EA4B9D6192061C300E4E804 /* RSMConcurrentServiceMethod.m */,
			);
			path = ServiceMethods;
			sourceTree = "<group>";
		};
		5EA4B9D7192061C300E4E804 /* Utility */ = {
			isa = PBXGroup;
			children = (
				5EA4B9D8192061C300E4E804 /* RSMServiceOperationInvocationList.h */,
				5EA4B9D9192061C300E4E804 /* RSMServiceOperationInvocationList.m */,
				5EA4B9DA192061C300E4E804 /* RSMUUID.h */,
				5EA4B9DB192061C300E4E804 /* RSMUUID.m */,
			);
			path = Utility;
			sourceTree = "<group>";
		};
		5EA4B9DC192061C300E4E804 /* Services */ = {
			isa = PBXGroup;
			children = (
				5EA4B9E91920626300E4E804 /* User */,
				5EA4B9F31920E57F00E4E804 /* MIMConnectivity.h */,
				5EA4B9F41920E57F00E4E804 /* MIMConnectivity.m */,
			);
			path = Services;
			sourceTree = "<group>";
		};
		5EA4B9E91920626300E4E804 /* User */ = {
			isa = PBXGroup;
			children = (
				5EA4B9EA1920626300E4E804 /* Operations */,
				5EA4B9EC1920626300E4E804 /* Protocols */,
				5EA4B9ED1920629700E4E804 /* MIMUserService.h */,
				5EA4B9EE1920629700E4E804 /* MIMUserService.m */,
			);
			path = User;
			sourceTree = "<group>";
		};
		5EA4B9EA1920626300E4E804 /* Operations */ = {
			isa = PBXGroup;
			children = (
				5EA4B9F01920E3E500E4E804 /* MIMUserMoodOperation.h */,
				5EA4B9F11920E3E500E4E804 /* MIMUserMoodOperation.m */,
				5EA4B9F61920F17800E4E804 /* MIMUserPhysicalOperation.h */,
				5EA4B9F71920F17800E4E804 /* MIMUserPhysicalOperation.m */,
			);
			path = Operations;
			sourceTree = "<group>";
		};
		5EA4B9EC1920626300E4E804 /* Protocols */ = {
			isa = PBXGroup;
			children = (
			);
			path = Protocols;
			sourceTree = "<group>";
		};
		5EA4B9FD192712EB00E4E804 /* Models */ = {
			isa = PBXGroup;
			children = (
				5EA4B9FE192712FA00E4E804 /* MIMReportingUser.h */,
				5EA4B9FF192712FA00E4E804 /* MIMReportingUser.m */,
			);
			path = Models;
			sourceTree = "<group>";
		};
		5EAB2052192AD53400D46712 /* ActivityIndicator */ = {
			isa = PBXGroup;
			children = (
				5EAB2053192AD53400D46712 /* MIMActivityIndicatorView.h */,
				5EAB2054192AD53400D46712 /* MIMActivityIndicatorView.m */,
			);
			path = ActivityIndicator;
			sourceTree = "<group>";
		};
/* End PBXGroup section */

/* Begin PBXNativeTarget section */
		5EA4B95F192036E500E4E804 /* MiMRating */ = {
			isa = PBXNativeTarget;
			buildConfigurationList = 5EA4B998192036E600E4E804 /* Build configuration list for PBXNativeTarget "MiMRating" */;
			buildPhases = (
				5EA4B95C192036E500E4E804 /* Sources */,
				5EA4B95D192036E500E4E804 /* Frameworks */,
				5EA4B95E192036E500E4E804 /* Resources */,
			);
			buildRules = (
			);
			dependencies = (
			);
			name = MiMRating;
			productName = MiMRating;
			productReference = 5EA4B960192036E500E4E804 /* MiMRating.app */;
			productType = "com.apple.product-type.application";
		};
		5EA4B986192036E500E4E804 /* MiMRatingTests */ = {
			isa = PBXNativeTarget;
			buildConfigurationList = 5EA4B99B192036E600E4E804 /* Build configuration list for PBXNativeTarget "MiMRatingTests" */;
			buildPhases = (
				5EA4B983192036E500E4E804 /* Sources */,
				5EA4B984192036E500E4E804 /* Frameworks */,
				5EA4B985192036E500E4E804 /* Resources */,
			);
			buildRules = (
			);
			dependencies = (
				5EA4B98D192036E500E4E804 /* PBXTargetDependency */,
			);
			name = MiMRatingTests;
			productName = MiMRatingTests;
			productReference = 5EA4B987192036E500E4E804 /* MiMRatingTests.xctest */;
			productType = "com.apple.product-type.bundle.unit-test";
		};
/* End PBXNativeTarget section */

/* Begin PBXProject section */
		5EA4B958192036E500E4E804 /* Project object */ = {
			isa = PBXProject;
			attributes = {
				CLASSPREFIX = MIM;
				LastUpgradeCheck = 0510;
				ORGANIZATIONNAME = "Moose In The Mist, INC";
				TargetAttributes = {
					5EA4B95F192036E500E4E804 = {
						DevelopmentTeam = 4EWY2RRRQ3;
					};
					5EA4B986192036E500E4E804 = {
						TestTargetID = 5EA4B95F192036E500E4E804;
					};
				};
			};
			buildConfigurationList = 5EA4B95B192036E500E4E804 /* Build configuration list for PBXProject "MiMRating" */;
			compatibilityVersion = "Xcode 3.2";
			developmentRegion = English;
			hasScannedForEncodings = 0;
			knownRegions = (
				en,
				Base,
			);
			mainGroup = 5EA4B957192036E500E4E804;
			productRefGroup = 5EA4B961192036E500E4E804 /* Products */;
			projectDirPath = "";
			projectRoot = "";
			targets = (
				5EA4B95F192036E500E4E804 /* MiMRating */,
				5EA4B986192036E500E4E804 /* MiMRatingTests */,
			);
		};
/* End PBXProject section */

/* Begin PBXResourcesBuildPhase section */
		5EA4B95E192036E500E4E804 /* Resources */ = {
			isa = PBXResourcesBuildPhase;
			buildActionMask = 2147483647;
			files = (
				5EA4B9AA192037DB00E4E804 /* Main_iPad.storyboard in Resources */,
				5EA4B9AB192037DB00E4E804 /* Main_iPhone.storyboard in Resources */,
				5EA4B982192036E500E4E804 /* Images.xcassets in Resources */,
				5EA4B96E192036E500E4E804 /* InfoPlist.strings in Resources */,
			);
			runOnlyForDeploymentPostprocessing = 0;
		};
		5EA4B985192036E500E4E804 /* Resources */ = {
			isa = PBXResourcesBuildPhase;
			buildActionMask = 2147483647;
			files = (
				5EA4B993192036E600E4E804 /* InfoPlist.strings in Resources */,
			);
			runOnlyForDeploymentPostprocessing = 0;
		};
/* End PBXResourcesBuildPhase section */

/* Begin PBXSourcesBuildPhase section */
		5EA4B95C192036E500E4E804 /* Sources */ = {
			isa = PBXSourcesBuildPhase;
			buildActionMask = 2147483647;
			files = (
				5EA4B9B41920475100E4E804 /* MIMLocationManager.m in Sources */,
				5EA4B9E1192061C300E4E804 /* RSMServicesError.m in Sources */,
				5EA4B9EF1920629700E4E804 /* MIMUserService.m in Sources */,
				5EA4B9E2192061C300E4E804 /* RSMBaseNetworkService.m in Sources */,
				5EA4B9DF192061C300E4E804 /* RSMHHTTPConnection.m in Sources */,
				5EA4B9E8192061C300E4E804 /* RSMUUID.m in Sources */,
				5EA4B9A8192037DB00E4E804 /* MIMFirstViewController.m in Sources */,
				5EA4B974192036E500E4E804 /* MIMAppDelegate.m in Sources */,
				5EA4B9E4192061C300E4E804 /* RSMAsyncParserServiceMethod.m in Sources */,
				5EA4B9DE192061C300E4E804 /* RSMBaseResultParser.m in Sources */,
				5EA4B9F21920E3E500E4E804 /* MIMUserMoodOperation.m in Sources */,
				5EA4B9E7192061C300E4E804 /* RSMServiceOperationInvocationList.m in Sources */,
				5EA4B9E5192061C300E4E804 /* RSMBaseServiceMethod.m in Sources */,
				5EA4B9F81920F17800E4E804 /* MIMUserPhysicalOperation.m in Sources */,
				5EA4B9DD192061C300E4E804 /* NSString+RestServiceManager.m in Sources */,
				5EAB2055192AD53400D46712 /* MIMActivityIndicatorView.m in Sources */,
				5EA4B9F51920E57F00E4E804 /* MIMConnectivity.m in Sources */,
				5EA4B9E6192061C300E4E804 /* RSMConcurrentServiceMethod.m in Sources */,
				5EA4B9E3192061C300E4E804 /* RSMAsyncParserConcurrentServiceMethod.m in Sources */,
				5EA4B9A9192037DB00E4E804 /* MIMSecondViewController.m in Sources */,
				5EA4BA00192712FA00E4E804 /* MIMReportingUser.m in Sources */,
				5EA4B970192036E500E4E804 /* main.m in Sources */,
				5EA4B9E0192061C300E4E804 /* RSMServices.m in Sources */,
			);
			runOnlyForDeploymentPostprocessing = 0;
		};
		5EA4B983192036E500E4E804 /* Sources */ = {
			isa = PBXSourcesBuildPhase;
			buildActionMask = 2147483647;
			files = (
				5EA4B995192036E600E4E804 /* MiMRatingTests.m in Sources */,
			);
			runOnlyForDeploymentPostprocessing = 0;
		};
/* End PBXSourcesBuildPhase section */

/* Begin PBXTargetDependency section */
		5EA4B98D192036E500E4E804 /* PBXTargetDependency */ = {
			isa = PBXTargetDependency;
			target = 5EA4B95F192036E500E4E804 /* MiMRating */;
			targetProxy = 5EA4B98C192036E500E4E804 /* PBXContainerItemProxy */;
		};
/* End PBXTargetDependency section */

/* Begin PBXVariantGroup section */
		5EA4B96C192036E500E4E804 /* InfoPlist.strings */ = {
			isa = PBXVariantGroup;
			children = (
				5EA4B96D192036E500E4E804 /* en */,
			);
			name = InfoPlist.strings;
			sourceTree = "<group>";
		};
		5EA4B991192036E600E4E804 /* InfoPlist.strings */ = {
			isa = PBXVariantGroup;
			children = (
				5EA4B992192036E600E4E804 /* en */,
			);
			name = InfoPlist.strings;
			sourceTree = "<group>";
		};
		5EA4B9A4192037DB00E4E804 /* Main_iPad.storyboard */ = {
			isa = PBXVariantGroup;
			children = (
				5EA4B9A5192037DB00E4E804 /* Base */,
			);
			name = Main_iPad.storyboard;
			sourceTree = "<group>";
		};
		5EA4B9A6192037DB00E4E804 /* Main_iPhone.storyboard */ = {
			isa = PBXVariantGroup;
			children = (
				5EA4B9A7192037DB00E4E804 /* Base */,
			);
			name = Main_iPhone.storyboard;
			sourceTree = "<group>";
		};
/* End PBXVariantGroup section */

/* Begin XCBuildConfiguration section */
		5EA4B996192036E600E4E804 /* Debug */ = {
			isa = XCBuildConfiguration;
			buildSettings = {
				ALWAYS_SEARCH_USER_PATHS = NO;
				CLANG_CXX_LANGUAGE_STANDARD = "gnu++0x";
				CLANG_CXX_LIBRARY = "libc++";
				CLANG_ENABLE_MODULES = YES;
				CLANG_ENABLE_OBJC_ARC = YES;
				CLANG_WARN_BOOL_CONVERSION = YES;
				CLANG_WARN_CONSTANT_CONVERSION = YES;
				CLANG_WARN_DIRECT_OBJC_ISA_USAGE = YES_ERROR;
				CLANG_WARN_EMPTY_BODY = YES;
				CLANG_WARN_ENUM_CONVERSION = YES;
				CLANG_WARN_INT_CONVERSION = YES;
				CLANG_WARN_OBJC_ROOT_CLASS = YES_ERROR;
				CLANG_WARN__DUPLICATE_METHOD_MATCH = YES;
				"CODE_SIGN_IDENTITY[sdk=iphoneos*]" = "iPhone Developer";
				COPY_PHASE_STRIP = NO;
				GCC_C_LANGUAGE_STANDARD = gnu99;
				GCC_DYNAMIC_NO_PIC = NO;
				GCC_OPTIMIZATION_LEVEL = 0;
				GCC_PREPROCESSOR_DEFINITIONS = (
					"DEBUG=1",
					"$(inherited)",
				);
				GCC_SYMBOLS_PRIVATE_EXTERN = NO;
				GCC_WARN_64_TO_32_BIT_CONVERSION = YES;
				GCC_WARN_ABOUT_RETURN_TYPE = YES_ERROR;
				GCC_WARN_UNDECLARED_SELECTOR = YES;
				GCC_WARN_UNINITIALIZED_AUTOS = YES_AGGRESSIVE;
				GCC_WARN_UNUSED_FUNCTION = YES;
				GCC_WARN_UNUSED_VARIABLE = YES;
				IPHONEOS_DEPLOYMENT_TARGET = 7.1;
				ONLY_ACTIVE_ARCH = YES;
				SDKROOT = iphoneos;
				TARGETED_DEVICE_FAMILY = "1,2";
			};
			name = Debug;
		};
		5EA4B997192036E600E4E804 /* Release */ = {
			isa = XCBuildConfiguration;
			buildSettings = {
				ALWAYS_SEARCH_USER_PATHS = NO;
				CLANG_CXX_LANGUAGE_STANDARD = "gnu++0x";
				CLANG_CXX_LIBRARY = "libc++";
				CLANG_ENABLE_MODULES = YES;
				CLANG_ENABLE_OBJC_ARC = YES;
				CLANG_WARN_BOOL_CONVERSION = YES;
				CLANG_WARN_CONSTANT_CONVERSION = YES;
				CLANG_WARN_DIRECT_OBJC_ISA_USAGE = YES_ERROR;
				CLANG_WARN_EMPTY_BODY = YES;
				CLANG_WARN_ENUM_CONVERSION = YES;
				CLANG_WARN_INT_CONVERSION = YES;
				CLANG_WARN_OBJC_ROOT_CLASS = YES_ERROR;
				CLANG_WARN__DUPLICATE_METHOD_MATCH = YES;
				"CODE_SIGN_IDENTITY[sdk=iphoneos*]" = "iPhone Developer";
				COPY_PHASE_STRIP = YES;
				ENABLE_NS_ASSERTIONS = NO;
				GCC_C_LANGUAGE_STANDARD = gnu99;
				GCC_WARN_64_TO_32_BIT_CONVERSION = YES;
				GCC_WARN_ABOUT_RETURN_TYPE = YES_ERROR;
				GCC_WARN_UNDECLARED_SELECTOR = YES;
				GCC_WARN_UNINITIALIZED_AUTOS = YES_AGGRESSIVE;
				GCC_WARN_UNUSED_FUNCTION = YES;
				GCC_WARN_UNUSED_VARIABLE = YES;
				IPHONEOS_DEPLOYMENT_TARGET = 7.1;
				SDKROOT = iphoneos;
				TARGETED_DEVICE_FAMILY = "1,2";
				VALIDATE_PRODUCT = YES;
			};
			name = Release;
		};
		5EA4B999192036E600E4E804 /* Debug */ = {
			isa = XCBuildConfiguration;
			buildSettings = {
				ASSETCATALOG_COMPILER_APPICON_NAME = AppIcon;
				ASSETCATALOG_COMPILER_LAUNCHIMAGE_NAME = LaunchImage;
				CODE_SIGN_IDENTITY = "iPhone Developer";
				"CODE_SIGN_IDENTITY[sdk=iphoneos*]" = "iPhone Developer";
				GCC_PRECOMPILE_PREFIX_HEADER = YES;
				GCC_PREFIX_HEADER = "MiMRating/MiMRating-Prefix.pch";
				INFOPLIST_FILE = "MiMRating/MiMRating-Info.plist";
				IPHONEOS_DEPLOYMENT_TARGET = 7.0;
				PRODUCT_NAME = "$(TARGET_NAME)";
				PROVISIONING_PROFILE = "";
				WRAPPER_EXTENSION = app;
			};
			name = Debug;
		};
		5EA4B99A192036E600E4E804 /* Release */ = {
			isa = XCBuildConfiguration;
			buildSettings = {
				ASSETCATALOG_COMPILER_APPICON_NAME = AppIcon;
				ASSETCATALOG_COMPILER_LAUNCHIMAGE_NAME = LaunchImage;
				CODE_SIGN_IDENTITY = "iPhone Developer";
				"CODE_SIGN_IDENTITY[sdk=iphoneos*]" = "iPhone Developer";
				GCC_PRECOMPILE_PREFIX_HEADER = YES;
				GCC_PREFIX_HEADER = "MiMRating/MiMRating-Prefix.pch";
				INFOPLIST_FILE = "MiMRating/MiMRating-Info.plist";
				IPHONEOS_DEPLOYMENT_TARGET = 7.0;
				PRODUCT_NAME = "$(TARGET_NAME)";
				PROVISIONING_PROFILE = "";
				WRAPPER_EXTENSION = app;
			};
			name = Release;
		};
		5EA4B99C192036E600E4E804 /* Debug */ = {
			isa = XCBuildConfiguration;
			buildSettings = {
				BUNDLE_LOADER = "$(BUILT_PRODUCTS_DIR)/MiMRating.app/MiMRating";
				FRAMEWORK_SEARCH_PATHS = (
					"$(SDKROOT)/Developer/Library/Frameworks",
					"$(inherited)",
					"$(DEVELOPER_FRAMEWORKS_DIR)",
				);
				GCC_PRECOMPILE_PREFIX_HEADER = YES;
				GCC_PREFIX_HEADER = "MiMRating/MiMRating-Prefix.pch";
				GCC_PREPROCESSOR_DEFINITIONS = (
					"DEBUG=1",
					"$(inherited)",
				);
				INFOPLIST_FILE = "MiMRatingTests/MiMRatingTests-Info.plist";
				PRODUCT_NAME = "$(TARGET_NAME)";
				TEST_HOST = "$(BUNDLE_LOADER)";
				WRAPPER_EXTENSION = xctest;
			};
			name = Debug;
		};
		5EA4B99D192036E600E4E804 /* Release */ = {
			isa = XCBuildConfiguration;
			buildSettings = {
				BUNDLE_LOADER = "$(BUILT_PRODUCTS_DIR)/MiMRating.app/MiMRating";
				FRAMEWORK_SEARCH_PATHS = (
					"$(SDKROOT)/Developer/Library/Frameworks",
					"$(inherited)",
					"$(DEVELOPER_FRAMEWORKS_DIR)",
				);
				GCC_PRECOMPILE_PREFIX_HEADER = YES;
				GCC_PREFIX_HEADER = "MiMRating/MiMRating-Prefix.pch";
				INFOPLIST_FILE = "MiMRatingTests/MiMRatingTests-Info.plist";
				PRODUCT_NAME = "$(TARGET_NAME)";
				TEST_HOST = "$(BUNDLE_LOADER)";
				WRAPPER_EXTENSION = xctest;
			};
			name = Release;
		};
/* End XCBuildConfiguration section */

/* Begin XCConfigurationList section */
		5EA4B95B192036E500E4E804 /* Build configuration list for PBXProject "MiMRating" */ = {
			isa = XCConfigurationList;
			buildConfigurations = (
				5EA4B996192036E600E4E804 /* Debug */,
				5EA4B997192036E600E4E804 /* Release */,
			);
			defaultConfigurationIsVisible = 0;
			defaultConfigurationName = Release;
		};
		5EA4B998192036E600E4E804 /* Build configuration list for PBXNativeTarget "MiMRating" */ = {
			isa = XCConfigurationList;
			buildConfigurations = (
				5EA4B999192036E600E4E804 /* Debug */,
				5EA4B99A192036E600E4E804 /* Release */,
			);
			defaultConfigurationIsVisible = 0;
			defaultConfigurationName = Release;
		};
		5EA4B99B192036E600E4E804 /* Build configuration list for PBXNativeTarget "MiMRatingTests" */ = {
			isa = XCConfigurationList;
			buildConfigurations = (
				5EA4B99C192036E600E4E804 /* Debug */,
				5EA4B99D192036E600E4E804 /* Release */,
			);
			defaultConfigurationIsVisible = 0;
			defaultConfigurationName = Release;
		};
/* End XCConfigurationList section */
	};
	rootObject = 5EA4B958192036E500E4E804 /* Project object */;
}
